// !$*UTF8*$!
{
	archiveVersion = 1;
	classes = {
	};
	objectVersion = 51;
	objects = {

/* Begin PBXBuildFile section */
		6C589143252DCDCE00E6FF6E /* File.swift in Sources */ = {isa = PBXBuildFile; fileRef = 6C589142252DCDCE00E6FF6E /* File.swift */; };
		6C5CC1D72534939700B9E6EA /* GameKit.framework in Frameworks */ = {isa = PBXBuildFile; fileRef = 6C5CC1D62534939700B9E6EA /* GameKit.framework */; };
		6C71EAB3252F515C00BC89BC /* ViewController2.m in Sources */ = {isa = PBXBuildFile; fileRef = 6C71EAB1252F515C00BC89BC /* ViewController2.m */; };
		6C71EAB4252F515C00BC89BC /* ViewController2.xib in Resources */ = {isa = PBXBuildFile; fileRef = 6C71EAB2252F515C00BC89BC /* ViewController2.xib */; };
		6C7D2CFD252C38700081F441 /* AppDelegate.m in Sources */ = {isa = PBXBuildFile; fileRef = 6C7D2CFC252C38700081F441 /* AppDelegate.m */; };
		6C7D2D00252C38700081F441 /* SceneDelegate.m in Sources */ = {isa = PBXBuildFile; fileRef = 6C7D2CFF252C38700081F441 /* SceneDelegate.m */; };
		6C7D2D03252C38700081F441 /* ViewController.m in Sources */ = {isa = PBXBuildFile; fileRef = 6C7D2D02252C38700081F441 /* ViewController.m */; };
		6C7D2D06252C38700081F441 /* Main.storyboard in Resources */ = {isa = PBXBuildFile; fileRef = 6C7D2D04252C38700081F441 /* Main.storyboard */; };
		6C7D2D09252C38700081F441 /* FirstProj.xcdatamodeld in Sources */ = {isa = PBXBuildFile; fileRef = 6C7D2D07252C38700081F441 /* FirstProj.xcdatamodeld */; };
		6C7D2D0B252C38740081F441 /* Assets.xcassets in Resources */ = {isa = PBXBuildFile; fileRef = 6C7D2D0A252C38740081F441 /* Assets.xcassets */; };
		6C7D2D0E252C38740081F441 /* LaunchScreen.storyboard in Resources */ = {isa = PBXBuildFile; fileRef = 6C7D2D0C252C38740081F441 /* LaunchScreen.storyboard */; };
		6C7D2D11252C38740081F441 /* main.m in Sources */ = {isa = PBXBuildFile; fileRef = 6C7D2D10252C38740081F441 /* main.m */; };
		6C7D2D1B252C38750081F441 /* FirstProjTests.m in Sources */ = {isa = PBXBuildFile; fileRef = 6C7D2D1A252C38750081F441 /* FirstProjTests.m */; };
		6C7D2D26252C38750081F441 /* FirstProjUITests.m in Sources */ = {isa = PBXBuildFile; fileRef = 6C7D2D25252C38750081F441 /* FirstProjUITests.m */; };
		6CC3AAAB253080EE006272DA /* GoogleService-Info.plist in Resources */ = {isa = PBXBuildFile; fileRef = 6CC3AAAA253080EE006272DA /* GoogleService-Info.plist */; };
		6CC3AAD025309802006272DA /* ViewController3.m in Sources */ = {isa = PBXBuildFile; fileRef = 6CC3AACE25309802006272DA /* ViewController3.m */; };
		6CC3AAD125309802006272DA /* ViewController3.xib in Resources */ = {isa = PBXBuildFile; fileRef = 6CC3AACF25309802006272DA /* ViewController3.xib */; };
		8327C00AB136730343E23767 /* libPods-FirstProj.a in Frameworks */ = {isa = PBXBuildFile; fileRef = 22416022A17C8FAE8AB4C4D1 /* libPods-FirstProj.a */; };
/* End PBXBuildFile section */

/* Begin PBXContainerItemProxy section */
		6C7D2D17252C38750081F441 /* PBXContainerItemProxy */ = {
			isa = PBXContainerItemProxy;
			containerPortal = 6C7D2CF0252C38700081F441 /* Project object */;
			proxyType = 1;
			remoteGlobalIDString = 6C7D2CF7252C38700081F441;
			remoteInfo = FirstProj;
		};
		6C7D2D22252C38750081F441 /* PBXContainerItemProxy */ = {
			isa = PBXContainerItemProxy;
			containerPortal = 6C7D2CF0252C38700081F441 /* Project object */;
			proxyType = 1;
			remoteGlobalIDString = 6C7D2CF7252C38700081F441;
			remoteInfo = FirstProj;
		};
/* End PBXContainerItemProxy section */

/* Begin PBXFileReference section */
		22416022A17C8FAE8AB4C4D1 /* libPods-FirstProj.a */ = {isa = PBXFileReference; explicitFileType = archive.ar; includeInIndex = 0; path = "libPods-FirstProj.a"; sourceTree = BUILT_PRODUCTS_DIR; };
		6C589141252DCDCD00E6FF6E /* FirstProj-Bridging-Header.h */ = {isa = PBXFileReference; lastKnownFileType = sourcecode.c.h; path = "FirstProj-Bridging-Header.h"; sourceTree = "<group>"; };
		6C589142252DCDCE00E6FF6E /* File.swift */ = {isa = PBXFileReference; lastKnownFileType = sourcecode.swift; path = File.swift; sourceTree = "<group>"; };
		6C5CC17125345C8F00B9E6EA /* FirstProj.entitlements */ = {isa = PBXFileReference; lastKnownFileType = text.plist.entitlements; path = FirstProj.entitlements; sourceTree = "<group>"; };
		6C5CC1D62534939700B9E6EA /* GameKit.framework */ = {isa = PBXFileReference; lastKnownFileType = wrapper.framework; name = GameKit.framework; path = System/Library/Frameworks/GameKit.framework; sourceTree = SDKROOT; };
		6C71EAB0252F515C00BC89BC /* ViewController2.h */ = {isa = PBXFileReference; lastKnownFileType = sourcecode.c.h; path = ViewController2.h; sourceTree = "<group>"; };
		6C71EAB1252F515C00BC89BC /* ViewController2.m */ = {isa = PBXFileReference; lastKnownFileType = sourcecode.c.objc; path = ViewController2.m; sourceTree = "<group>"; };
		6C71EAB2252F515C00BC89BC /* ViewController2.xib */ = {isa = PBXFileReference; lastKnownFileType = file.xib; path = ViewController2.xib; sourceTree = "<group>"; };
		6C7D2CF8252C38700081F441 /* FirstProj.app */ = {isa = PBXFileReference; explicitFileType = wrapper.application; includeInIndex = 0; path = FirstProj.app; sourceTree = BUILT_PRODUCTS_DIR; };
		6C7D2CFB252C38700081F441 /* AppDelegate.h */ = {isa = PBXFileReference; lastKnownFileType = sourcecode.c.h; path = AppDelegate.h; sourceTree = "<group>"; };
		6C7D2CFC252C38700081F441 /* AppDelegate.m */ = {isa = PBXFileReference; lastKnownFileType = sourcecode.c.objc; path = AppDelegate.m; sourceTree = "<group>"; };
		6C7D2CFE252C38700081F441 /* SceneDelegate.h */ = {isa = PBXFileReference; lastKnownFileType = sourcecode.c.h; path = SceneDelegate.h; sourceTree = "<group>"; };
		6C7D2CFF252C38700081F441 /* SceneDelegate.m */ = {isa = PBXFileReference; lastKnownFileType = sourcecode.c.objc; path = SceneDelegate.m; sourceTree = "<group>"; };
		6C7D2D01252C38700081F441 /* ViewController.h */ = {isa = PBXFileReference; lastKnownFileType = sourcecode.c.h; path = ViewController.h; sourceTree = "<group>"; };
		6C7D2D02252C38700081F441 /* ViewController.m */ = {isa = PBXFileReference; lastKnownFileType = sourcecode.c.objc; path = ViewController.m; sourceTree = "<group>"; };
		6C7D2D05252C38700081F441 /* Base */ = {isa = PBXFileReference; lastKnownFileType = file.storyboard; name = Base; path = Base.lproj/Main.storyboard; sourceTree = "<group>"; };
		6C7D2D08252C38700081F441 /* FirstProj.xcdatamodel */ = {isa = PBXFileReference; lastKnownFileType = wrapper.xcdatamodel; path = FirstProj.xcdatamodel; sourceTree = "<group>"; };
		6C7D2D0A252C38740081F441 /* Assets.xcassets */ = {isa = PBXFileReference; lastKnownFileType = folder.assetcatalog; path = Assets.xcassets; sourceTree = "<group>"; };
		6C7D2D0D252C38740081F441 /* Base */ = {isa = PBXFileReference; lastKnownFileType = file.storyboard; name = Base; path = Base.lproj/LaunchScreen.storyboard; sourceTree = "<group>"; };
		6C7D2D0F252C38740081F441 /* Info.plist */ = {isa = PBXFileReference; lastKnownFileType = text.plist.xml; path = Info.plist; sourceTree = "<group>"; };
		6C7D2D10252C38740081F441 /* main.m */ = {isa = PBXFileReference; lastKnownFileType = sourcecode.c.objc; path = main.m; sourceTree = "<group>"; };
		6C7D2D16252C38750081F441 /* FirstProjTests.xctest */ = {isa = PBXFileReference; explicitFileType = wrapper.cfbundle; includeInIndex = 0; path = FirstProjTests.xctest; sourceTree = BUILT_PRODUCTS_DIR; };
		6C7D2D1A252C38750081F441 /* FirstProjTests.m */ = {isa = PBXFileReference; lastKnownFileType = sourcecode.c.objc; path = FirstProjTests.m; sourceTree = "<group>"; };
		6C7D2D1C252C38750081F441 /* Info.plist */ = {isa = PBXFileReference; lastKnownFileType = text.plist.xml; path = Info.plist; sourceTree = "<group>"; };
		6C7D2D21252C38750081F441 /* FirstProjUITests.xctest */ = {isa = PBXFileReference; explicitFileType = wrapper.cfbundle; includeInIndex = 0; path = FirstProjUITests.xctest; sourceTree = BUILT_PRODUCTS_DIR; };
		6C7D2D25252C38750081F441 /* FirstProjUITests.m */ = {isa = PBXFileReference; lastKnownFileType = sourcecode.c.objc; path = FirstProjUITests.m; sourceTree = "<group>"; };
		6C7D2D27252C38750081F441 /* Info.plist */ = {isa = PBXFileReference; lastKnownFileType = text.plist.xml; path = Info.plist; sourceTree = "<group>"; };
		6CC3AAAA253080EE006272DA /* GoogleService-Info.plist */ = {isa = PBXFileReference; fileEncoding = 4; lastKnownFileType = text.plist.xml; path = "GoogleService-Info.plist"; sourceTree = "<group>"; };
		6CC3AACD25309802006272DA /* ViewController3.h */ = {isa = PBXFileReference; lastKnownFileType = sourcecode.c.h; path = ViewController3.h; sourceTree = "<group>"; };
		6CC3AACE25309802006272DA /* ViewController3.m */ = {isa = PBXFileReference; lastKnownFileType = sourcecode.c.objc; path = ViewController3.m; sourceTree = "<group>"; };
		6CC3AACF25309802006272DA /* ViewController3.xib */ = {isa = PBXFileReference; lastKnownFileType = file.xib; path = ViewController3.xib; sourceTree = "<group>"; };
		7F0E7E49AE32DCB7DE43DD54 /* Pods-FirstProj.debug.xcconfig */ = {isa = PBXFileReference; includeInIndex = 1; lastKnownFileType = text.xcconfig; name = "Pods-FirstProj.debug.xcconfig"; path = "Target Support Files/Pods-FirstProj/Pods-FirstProj.debug.xcconfig"; sourceTree = "<group>"; };
		B5BB4C59BB2856A4E94A8699 /* Pods-FirstProj.release.xcconfig */ = {isa = PBXFileReference; includeInIndex = 1; lastKnownFileType = text.xcconfig; name = "Pods-FirstProj.release.xcconfig"; path = "Target Support Files/Pods-FirstProj/Pods-FirstProj.release.xcconfig"; sourceTree = "<group>"; };
/* End PBXFileReference section */

/* Begin PBXFrameworksBuildPhase section */
		6C7D2CF5252C38700081F441 /* Frameworks */ = {
			isa = PBXFrameworksBuildPhase;
			buildActionMask = 2147483647;
			files = (
				8327C00AB136730343E23767 /* libPods-FirstProj.a in Frameworks */,
				6C5CC1D72534939700B9E6EA /* GameKit.framework in Frameworks */,
			);
			runOnlyForDeploymentPostprocessing = 0;
		};
		6C7D2D13252C38750081F441 /* Frameworks */ = {
			isa = PBXFrameworksBuildPhase;
			buildActionMask = 2147483647;
			files = (
			);
			runOnlyForDeploymentPostprocessing = 0;
		};
		6C7D2D1E252C38750081F441 /* Frameworks */ = {
			isa = PBXFrameworksBuildPhase;
			buildActionMask = 2147483647;
			files = (
			);
			runOnlyForDeploymentPostprocessing = 0;
		};
/* End PBXFrameworksBuildPhase section */

/* Begin PBXGroup section */
		00A2DCE347889EA42B9A86B2 /* Frameworks */ = {
			isa = PBXGroup;
			children = (
				6C5CC1D62534939700B9E6EA /* GameKit.framework */,
				22416022A17C8FAE8AB4C4D1 /* libPods-FirstProj.a */,
			);
			name = Frameworks;
			sourceTree = "<group>";
		};
		6664A561D76C5DC1A0AAE816 /* Pods */ = {
			isa = PBXGroup;
			children = (
				7F0E7E49AE32DCB7DE43DD54 /* Pods-FirstProj.debug.xcconfig */,
				B5BB4C59BB2856A4E94A8699 /* Pods-FirstProj.release.xcconfig */,
			);
			path = Pods;
			sourceTree = "<group>";
		};
		6C7D2CEF252C38700081F441 = {
			isa = PBXGroup;
			children = (
				6C589142252DCDCE00E6FF6E /* File.swift */,
				6C7D2CFA252C38700081F441 /* FirstProj */,
				6C7D2D19252C38750081F441 /* FirstProjTests */,
				6C7D2D24252C38750081F441 /* FirstProjUITests */,
				6C7D2CF9252C38700081F441 /* Products */,
				6664A561D76C5DC1A0AAE816 /* Pods */,
				00A2DCE347889EA42B9A86B2 /* Frameworks */,
				6C589141252DCDCD00E6FF6E /* FirstProj-Bridging-Header.h */,
			);
			sourceTree = "<group>";
		};
		6C7D2CF9252C38700081F441 /* Products */ = {
			isa = PBXGroup;
			children = (
				6C7D2CF8252C38700081F441 /* FirstProj.app */,
				6C7D2D16252C38750081F441 /* FirstProjTests.xctest */,
				6C7D2D21252C38750081F441 /* FirstProjUITests.xctest */,
			);
			name = Products;
			sourceTree = "<group>";
		};
		6C7D2CFA252C38700081F441 /* FirstProj */ = {
			isa = PBXGroup;
			children = (
				6C5CC17125345C8F00B9E6EA /* FirstProj.entitlements */,
				6C7D2CFB252C38700081F441 /* AppDelegate.h */,
				6C7D2CFC252C38700081F441 /* AppDelegate.m */,
				6C7D2CFE252C38700081F441 /* SceneDelegate.h */,
				6C7D2CFF252C38700081F441 /* SceneDelegate.m */,
				6C71EAB0252F515C00BC89BC /* ViewController2.h */,
				6C71EAB2252F515C00BC89BC /* ViewController2.xib */,
				6C71EAB1252F515C00BC89BC /* ViewController2.m */,
				6CC3AACD25309802006272DA /* ViewController3.h */,
				6CC3AACE25309802006272DA /* ViewController3.m */,
				6CC3AACF25309802006272DA /* ViewController3.xib */,
				6CC3AAAA253080EE006272DA /* GoogleService-Info.plist */,
				6C7D2D01252C38700081F441 /* ViewController.h */,
				6C7D2D02252C38700081F441 /* ViewController.m */,
				6C7D2D04252C38700081F441 /* Main.storyboard */,
				6C7D2D0A252C38740081F441 /* Assets.xcassets */,
				6C7D2D0C252C38740081F441 /* LaunchScreen.storyboard */,
				6C7D2D0F252C38740081F441 /* Info.plist */,
				6C7D2D10252C38740081F441 /* main.m */,
				6C7D2D07252C38700081F441 /* FirstProj.xcdatamodeld */,
			);
			path = FirstProj;
			sourceTree = "<group>";
		};
		6C7D2D19252C38750081F441 /* FirstProjTests */ = {
			isa = PBXGroup;
			children = (
				6C7D2D1A252C38750081F441 /* FirstProjTests.m */,
				6C7D2D1C252C38750081F441 /* Info.plist */,
			);
			path = FirstProjTests;
			sourceTree = "<group>";
		};
		6C7D2D24252C38750081F441 /* FirstProjUITests */ = {
			isa = PBXGroup;
			children = (
				6C7D2D25252C38750081F441 /* FirstProjUITests.m */,
				6C7D2D27252C38750081F441 /* Info.plist */,
			);
			path = FirstProjUITests;
			sourceTree = "<group>";
		};
/* End PBXGroup section */

/* Begin PBXNativeTarget section */
		6C7D2CF7252C38700081F441 /* FirstProj */ = {
			isa = PBXNativeTarget;
			buildConfigurationList = 6C7D2D2A252C38750081F441 /* Build configuration list for PBXNativeTarget "FirstProj" */;
			buildPhases = (
				2D5D04C1DCF0B5824AF2FACB /* [CP] Check Pods Manifest.lock */,
				6C7D2CF4252C38700081F441 /* Sources */,
				6C7D2CF5252C38700081F441 /* Frameworks */,
				6C7D2CF6252C38700081F441 /* Resources */,
				0F1D78D999A57D33D36BEC31 /* [CP] Copy Pods Resources */,
				6C8B1656253058CB0012D8D9 /* ShellScript */,
			);
			buildRules = (
			);
			dependencies = (
			);
			name = FirstProj;
			productName = FirstProj;
			productReference = 6C7D2CF8252C38700081F441 /* FirstProj.app */;
			productType = "com.apple.product-type.application";
		};
		6C7D2D15252C38750081F441 /* FirstProjTests */ = {
			isa = PBXNativeTarget;
			buildConfigurationList = 6C7D2D2D252C38750081F441 /* Build configuration list for PBXNativeTarget "FirstProjTests" */;
			buildPhases = (
				6C7D2D12252C38750081F441 /* Sources */,
				6C7D2D13252C38750081F441 /* Frameworks */,
				6C7D2D14252C38750081F441 /* Resources */,
			);
			buildRules = (
			);
			dependencies = (
				6C7D2D18252C38750081F441 /* PBXTargetDependency */,
			);
			name = FirstProjTests;
			productName = FirstProjTests;
			productReference = 6C7D2D16252C38750081F441 /* FirstProjTests.xctest */;
			productType = "com.apple.product-type.bundle.unit-test";
		};
		6C7D2D20252C38750081F441 /* FirstProjUITests */ = {
			isa = PBXNativeTarget;
			buildConfigurationList = 6C7D2D30252C38750081F441 /* Build configuration list for PBXNativeTarget "FirstProjUITests" */;
			buildPhases = (
				6C7D2D1D252C38750081F441 /* Sources */,
				6C7D2D1E252C38750081F441 /* Frameworks */,
				6C7D2D1F252C38750081F441 /* Resources */,
			);
			buildRules = (
			);
			dependencies = (
				6C7D2D23252C38750081F441 /* PBXTargetDependency */,
			);
			name = FirstProjUITests;
			productName = FirstProjUITests;
			productReference = 6C7D2D21252C38750081F441 /* FirstProjUITests.xctest */;
			productType = "com.apple.product-type.bundle.ui-testing";
		};
/* End PBXNativeTarget section */

/* Begin PBXProject section */
		6C7D2CF0252C38700081F441 /* Project object */ = {
			isa = PBXProject;
			attributes = {
				LastUpgradeCheck = 1200;
				TargetAttributes = {
					6C7D2CF7252C38700081F441 = {
						CreatedOnToolsVersion = 12.0.1;
						LastSwiftMigration = 1200;
					};
					6C7D2D15252C38750081F441 = {
						CreatedOnToolsVersion = 12.0.1;
						TestTargetID = 6C7D2CF7252C38700081F441;
					};
					6C7D2D20252C38750081F441 = {
						CreatedOnToolsVersion = 12.0.1;
						TestTargetID = 6C7D2CF7252C38700081F441;
					};
				};
			};
			buildConfigurationList = 6C7D2CF3252C38700081F441 /* Build configuration list for PBXProject "FirstProj" */;
			compatibilityVersion = "Xcode 9.3";
			developmentRegion = en;
			hasScannedForEncodings = 0;
			knownRegions = (
				en,
				Base,
			);
			mainGroup = 6C7D2CEF252C38700081F441;
			productRefGroup = 6C7D2CF9252C38700081F441 /* Products */;
			projectDirPath = "";
			projectRoot = "";
			targets = (
				6C7D2CF7252C38700081F441 /* FirstProj */,
				6C7D2D15252C38750081F441 /* FirstProjTests */,
				6C7D2D20252C38750081F441 /* FirstProjUITests */,
			);
		};
/* End PBXProject section */

/* Begin PBXResourcesBuildPhase section */
		6C7D2CF6252C38700081F441 /* Resources */ = {
			isa = PBXResourcesBuildPhase;
			buildActionMask = 2147483647;
			files = (
				6CC3AAD125309802006272DA /* ViewController3.xib in Resources */,
				6C7D2D0E252C38740081F441 /* LaunchScreen.storyboard in Resources */,
				6C71EAB4252F515C00BC89BC /* ViewController2.xib in Resources */,
				6CC3AAAB253080EE006272DA /* GoogleService-Info.plist in Resources */,
				6C7D2D0B252C38740081F441 /* Assets.xcassets in Resources */,
				6C7D2D06252C38700081F441 /* Main.storyboard in Resources */,
			);
			runOnlyForDeploymentPostprocessing = 0;
		};
		6C7D2D14252C38750081F441 /* Resources */ = {
			isa = PBXResourcesBuildPhase;
			buildActionMask = 2147483647;
			files = (
			);
			runOnlyForDeploymentPostprocessing = 0;
		};
		6C7D2D1F252C38750081F441 /* Resources */ = {
			isa = PBXResourcesBuildPhase;
			buildActionMask = 2147483647;
			files = (
			);
			runOnlyForDeploymentPostprocessing = 0;
		};
/* End PBXResourcesBuildPhase section */

/* Begin PBXShellScriptBuildPhase section */
		0F1D78D999A57D33D36BEC31 /* [CP] Copy Pods Resources */ = {
			isa = PBXShellScriptBuildPhase;
			buildActionMask = 2147483647;
			files = (
			);
			inputFileListPaths = (
				"${PODS_ROOT}/Target Support Files/Pods-FirstProj/Pods-FirstProj-resources-${CONFIGURATION}-input-files.xcfilelist",
			);
			name = "[CP] Copy Pods Resources";
			outputFileListPaths = (
				"${PODS_ROOT}/Target Support Files/Pods-FirstProj/Pods-FirstProj-resources-${CONFIGURATION}-output-files.xcfilelist",
			);
			runOnlyForDeploymentPostprocessing = 0;
			shellPath = /bin/sh;
			shellScript = "\"${PODS_ROOT}/Target Support Files/Pods-FirstProj/Pods-FirstProj-resources.sh\"\n";
			showEnvVarsInLog = 0;
		};
		2D5D04C1DCF0B5824AF2FACB /* [CP] Check Pods Manifest.lock */ = {
			isa = PBXShellScriptBuildPhase;
			buildActionMask = 2147483647;
			files = (
			);
			inputFileListPaths = (
			);
			inputPaths = (
				"${PODS_PODFILE_DIR_PATH}/Podfile.lock",
				"${PODS_ROOT}/Manifest.lock",
			);
			name = "[CP] Check Pods Manifest.lock";
			outputFileListPaths = (
			);
			outputPaths = (
				"$(DERIVED_FILE_DIR)/Pods-FirstProj-checkManifestLockResult.txt",
			);
			runOnlyForDeploymentPostprocessing = 0;
			shellPath = /bin/sh;
			shellScript = "diff \"${PODS_PODFILE_DIR_PATH}/Podfile.lock\" \"${PODS_ROOT}/Manifest.lock\" > /dev/null\nif [ $? != 0 ] ; then\n    # print error to STDERR\n    echo \"error: The sandbox is not in sync with the Podfile.lock. Run 'pod install' or update your CocoaPods installation.\" >&2\n    exit 1\nfi\n# This output is used by Xcode 'outputs' to avoid re-running this script phase.\necho \"SUCCESS\" > \"${SCRIPT_OUTPUT_FILE_0}\"\n";
			showEnvVarsInLog = 0;
		};
		6C8B1656253058CB0012D8D9 /* ShellScript */ = {
			isa = PBXShellScriptBuildPhase;
			buildActionMask = 2147483647;
			files = (
			);
			inputFileListPaths = (
			);
			inputPaths = (
			);
			outputFileListPaths = (
			);
			outputPaths = (
			);
			runOnlyForDeploymentPostprocessing = 0;
			shellPath = /bin/sh;
			shellScript = "# Type a script or drag a script file from your workspace to insert its path.\n${PODS_ROOT}/FirebaseCrashlytics/run\n\n";
		};
/* End PBXShellScriptBuildPhase section */

/* Begin PBXSourcesBuildPhase section */
		6C7D2CF4252C38700081F441 /* Sources */ = {
			isa = PBXSourcesBuildPhase;
			buildActionMask = 2147483647;
			files = (
				6C71EAB3252F515C00BC89BC /* ViewController2.m in Sources */,
				6C7D2D11252C38740081F441 /* main.m in Sources */,
				6C589143252DCDCE00E6FF6E /* File.swift in Sources */,
				6C7D2D03252C38700081F441 /* ViewController.m in Sources */,
				6C7D2D09252C38700081F441 /* FirstProj.xcdatamodeld in Sources */,
				6C7D2CFD252C38700081F441 /* AppDelegate.m in Sources */,
				6CC3AAD025309802006272DA /* ViewController3.m in Sources */,
				6C7D2D00252C38700081F441 /* SceneDelegate.m in Sources */,
			);
			runOnlyForDeploymentPostprocessing = 0;
		};
		6C7D2D12252C38750081F441 /* Sources */ = {
			isa = PBXSourcesBuildPhase;
			buildActionMask = 2147483647;
			files = (
				6C7D2D1B252C38750081F441 /* FirstProjTests.m in Sources */,
			);
			runOnlyForDeploymentPostprocessing = 0;
		};
		6C7D2D1D252C38750081F441 /* Sources */ = {
			isa = PBXSourcesBuildPhase;
			buildActionMask = 2147483647;
			files = (
				6C7D2D26252C38750081F441 /* FirstProjUITests.m in Sources */,
			);
			runOnlyForDeploymentPostprocessing = 0;
		};
/* End PBXSourcesBuildPhase section */

/* Begin PBXTargetDependency section */
		6C7D2D18252C38750081F441 /* PBXTargetDependency */ = {
			isa = PBXTargetDependency;
			target = 6C7D2CF7252C38700081F441 /* FirstProj */;
			targetProxy = 6C7D2D17252C38750081F441 /* PBXContainerItemProxy */;
		};
		6C7D2D23252C38750081F441 /* PBXTargetDependency */ = {
			isa = PBXTargetDependency;
			target = 6C7D2CF7252C38700081F441 /* FirstProj */;
			targetProxy = 6C7D2D22252C38750081F441 /* PBXContainerItemProxy */;
		};
/* End PBXTargetDependency section */

/* Begin PBXVariantGroup section */
		6C7D2D04252C38700081F441 /* Main.storyboard */ = {
			isa = PBXVariantGroup;
			children = (
				6C7D2D05252C38700081F441 /* Base */,
			);
			name = Main.storyboard;
			sourceTree = "<group>";
		};
		6C7D2D0C252C38740081F441 /* LaunchScreen.storyboard */ = {
			isa = PBXVariantGroup;
			children = (
				6C7D2D0D252C38740081F441 /* Base */,
			);
			name = LaunchScreen.storyboard;
			sourceTree = "<group>";
		};
/* End PBXVariantGroup section */

/* Begin XCBuildConfiguration section */
		6C7D2D28252C38750081F441 /* Debug */ = {
			isa = XCBuildConfiguration;
			buildSettings = {
				ALWAYS_SEARCH_USER_PATHS = NO;
				CLANG_ANALYZER_NONNULL = YES;
				CLANG_ANALYZER_NUMBER_OBJECT_CONVERSION = YES_AGGRESSIVE;
				CLANG_CXX_LANGUAGE_STANDARD = "gnu++14";
				CLANG_CXX_LIBRARY = "libc++";
				CLANG_ENABLE_MODULES = YES;
				CLANG_ENABLE_OBJC_ARC = YES;
				CLANG_ENABLE_OBJC_WEAK = YES;
				CLANG_WARN_BLOCK_CAPTURE_AUTORELEASING = YES;
				CLANG_WARN_BOOL_CONVERSION = YES;
				CLANG_WARN_COMMA = YES;
				CLANG_WARN_CONSTANT_CONVERSION = YES;
				CLANG_WARN_DEPRECATED_OBJC_IMPLEMENTATIONS = YES;
				CLANG_WARN_DIRECT_OBJC_ISA_USAGE = YES_ERROR;
				CLANG_WARN_DOCUMENTATION_COMMENTS = YES;
				CLANG_WARN_EMPTY_BODY = YES;
				CLANG_WARN_ENUM_CONVERSION = YES;
				CLANG_WARN_INFINITE_RECURSION = YES;
				CLANG_WARN_INT_CONVERSION = YES;
				CLANG_WARN_NON_LITERAL_NULL_CONVERSION = YES;
				CLANG_WARN_OBJC_IMPLICIT_RETAIN_SELF = YES;
				CLANG_WARN_OBJC_LITERAL_CONVERSION = YES;
				CLANG_WARN_OBJC_ROOT_CLASS = YES_ERROR;
				CLANG_WARN_QUOTED_INCLUDE_IN_FRAMEWORK_HEADER = YES;
				CLANG_WARN_RANGE_LOOP_ANALYSIS = YES;
				CLANG_WARN_STRICT_PROTOTYPES = YES;
				CLANG_WARN_SUSPICIOUS_MOVE = YES;
				CLANG_WARN_UNGUARDED_AVAILABILITY = YES_AGGRESSIVE;
				CLANG_WARN_UNREACHABLE_CODE = YES;
				CLANG_WARN__DUPLICATE_METHOD_MATCH = YES;
				COPY_PHASE_STRIP = NO;
				DEBUG_INFORMATION_FORMAT = dwarf;
				ENABLE_STRICT_OBJC_MSGSEND = YES;
				ENABLE_TESTABILITY = YES;
				GCC_C_LANGUAGE_STANDARD = gnu11;
				GCC_DYNAMIC_NO_PIC = NO;
				GCC_NO_COMMON_BLOCKS = YES;
				GCC_OPTIMIZATION_LEVEL = 0;
				GCC_PREPROCESSOR_DEFINITIONS = (
					"DEBUG=1",
					"$(inherited)",
				);
				GCC_WARN_64_TO_32_BIT_CONVERSION = YES;
				GCC_WARN_ABOUT_RETURN_TYPE = YES_ERROR;
				GCC_WARN_UNDECLARED_SELECTOR = YES;
				GCC_WARN_UNINITIALIZED_AUTOS = YES_AGGRESSIVE;
				GCC_WARN_UNUSED_FUNCTION = YES;
				GCC_WARN_UNUSED_VARIABLE = YES;
				IPHONEOS_DEPLOYMENT_TARGET = 13.0;
				MTL_ENABLE_DEBUG_INFO = INCLUDE_SOURCE;
				MTL_FAST_MATH = YES;
				ONLY_ACTIVE_ARCH = YES;
				SDKROOT = iphoneos;
			};
			name = Debug;
		};
		6C7D2D29252C38750081F441 /* Release */ = {
			isa = XCBuildConfiguration;
			buildSettings = {
				ALWAYS_SEARCH_USER_PATHS = NO;
				CLANG_ANALYZER_NONNULL = YES;
				CLANG_ANALYZER_NUMBER_OBJECT_CONVERSION = YES_AGGRESSIVE;
				CLANG_CXX_LANGUAGE_STANDARD = "gnu++14";
				CLANG_CXX_LIBRARY = "libc++";
				CLANG_ENABLE_MODULES = YES;
				CLANG_ENABLE_OBJC_ARC = YES;
				CLANG_ENABLE_OBJC_WEAK = YES;
				CLANG_WARN_BLOCK_CAPTURE_AUTORELEASING = YES;
				CLANG_WARN_BOOL_CONVERSION = YES;
				CLANG_WARN_COMMA = YES;
				CLANG_WARN_CONSTANT_CONVERSION = YES;
				CLANG_WARN_DEPRECATED_OBJC_IMPLEMENTATIONS = YES;
				CLANG_WARN_DIRECT_OBJC_ISA_USAGE = YES_ERROR;
				CLANG_WARN_DOCUMENTATION_COMMENTS = YES;
				CLANG_WARN_EMPTY_BODY = YES;
				CLANG_WARN_ENUM_CONVERSION = YES;
				CLANG_WARN_INFINITE_RECURSION = YES;
				CLANG_WARN_INT_CONVERSION = YES;
				CLANG_WARN_NON_LITERAL_NULL_CONVERSION = YES;
				CLANG_WARN_OBJC_IMPLICIT_RETAIN_SELF = YES;
				CLANG_WARN_OBJC_LITERAL_CONVERSION = YES;
				CLANG_WARN_OBJC_ROOT_CLASS = YES_ERROR;
				CLANG_WARN_QUOTED_INCLUDE_IN_FRAMEWORK_HEADER = YES;
				CLANG_WARN_RANGE_LOOP_ANALYSIS = YES;
				CLANG_WARN_STRICT_PROTOTYPES = YES;
				CLANG_WARN_SUSPICIOUS_MOVE = YES;
				CLANG_WARN_UNGUARDED_AVAILABILITY = YES_AGGRESSIVE;
				CLANG_WARN_UNREACHABLE_CODE = YES;
				CLANG_WARN__DUPLICATE_METHOD_MATCH = YES;
				COPY_PHASE_STRIP = NO;
				DEBUG_INFORMATION_FORMAT = "dwarf-with-dsym";
				ENABLE_NS_ASSERTIONS = NO;
				ENABLE_STRICT_OBJC_MSGSEND = YES;
				GCC_C_LANGUAGE_STANDARD = gnu11;
				GCC_NO_COMMON_BLOCKS = YES;
				GCC_WARN_64_TO_32_BIT_CONVERSION = YES;
				GCC_WARN_ABOUT_RETURN_TYPE = YES_ERROR;
				GCC_WARN_UNDECLARED_SELECTOR = YES;
				GCC_WARN_UNINITIALIZED_AUTOS = YES_AGGRESSIVE;
				GCC_WARN_UNUSED_FUNCTION = YES;
				GCC_WARN_UNUSED_VARIABLE = YES;
				IPHONEOS_DEPLOYMENT_TARGET = 13.0;
				MTL_ENABLE_DEBUG_INFO = NO;
				MTL_FAST_MATH = YES;
				ONLY_ACTIVE_ARCH = YES;
				SDKROOT = iphoneos;
				VALIDATE_PRODUCT = YES;
			};
			name = Release;
		};
		6C7D2D2B252C38750081F441 /* Debug */ = {
			isa = XCBuildConfiguration;
			baseConfigurationReference = 7F0E7E49AE32DCB7DE43DD54 /* Pods-FirstProj.debug.xcconfig */;
			buildSettings = {
				ASSETCATALOG_COMPILER_APPICON_NAME = AppIcon;
				ASSETCATALOG_COMPILER_GLOBAL_ACCENT_COLOR_NAME = AccentColor;
				CLANG_ENABLE_MODULES = YES;
				CODE_SIGN_ENTITLEMENTS = FirstProj/FirstProj.entitlements;
				CODE_SIGN_IDENTITY = "Apple Development";
				CODE_SIGN_STYLE = Automatic;
				DEBUG_INFORMATION_FORMAT = dwarf;
				DEVELOPMENT_TEAM = 2W8FH84P94;
				INFOPLIST_FILE = FirstProj/Info.plist;
				LD_RUNPATH_SEARCH_PATHS = (
					"$(inherited)",
					"@executable_path/Frameworks",
				);
				PRODUCT_BUNDLE_IDENTIFIER = sys.FirstProj;
				PRODUCT_NAME = "$(TARGET_NAME)";
				PROVISIONING_PROFILE_SPECIFIER = "";
				SWIFT_OBJC_BRIDGING_HEADER = "FirstProj-Bridging-Header.h";
				SWIFT_OPTIMIZATION_LEVEL = "-Onone";
				SWIFT_VERSION = 5.0;
				TARGETED_DEVICE_FAMILY = "1,2";
			};
			name = Debug;
		};
		6C7D2D2C252C38750081F441 /* Release */ = {
			isa = XCBuildConfiguration;
			baseConfigurationReference = B5BB4C59BB2856A4E94A8699 /* Pods-FirstProj.release.xcconfig */;
			buildSettings = {
				ASSETCATALOG_COMPILER_APPICON_NAME = AppIcon;
				ASSETCATALOG_COMPILER_GLOBAL_ACCENT_COLOR_NAME = AccentColor;
				CLANG_ENABLE_MODULES = YES;
				CODE_SIGN_ENTITLEMENTS = FirstProj/FirstProj.entitlements;
				CODE_SIGN_IDENTITY = "Apple Development";
				CODE_SIGN_STYLE = Automatic;
				DEBUG_INFORMATION_FORMAT = dwarf;
				DEVELOPMENT_TEAM = 2W8FH84P94;
				INFOPLIST_FILE = FirstProj/Info.plist;
				LD_RUNPATH_SEARCH_PATHS = (
					"$(inherited)",
					"@executable_path/Frameworks",
				);
				PRODUCT_BUNDLE_IDENTIFIER = sys.FirstProj;
				PRODUCT_NAME = "$(TARGET_NAME)";
				PROVISIONING_PROFILE_SPECIFIER = "";
				SWIFT_OBJC_BRIDGING_HEADER = "FirstProj-Bridging-Header.h";
				SWIFT_VERSION = 5.0;
				TARGETED_DEVICE_FAMILY = "1,2";
			};
			name = Release;
		};
		6C7D2D2E252C38750081F441 /* Debug */ = {
			isa = XCBuildConfiguration;
			buildSettings = {
				ALWAYS_EMBED_SWIFT_STANDARD_LIBRARIES = YES;
				BUNDLE_LOADER = "$(TEST_HOST)";
				CODE_SIGN_STYLE = Automatic;
				INFOPLIST_FILE = FirstProjTests/Info.plist;
				IPHONEOS_DEPLOYMENT_TARGET = 14.0;
				LD_RUNPATH_SEARCH_PATHS = (
					"$(inherited)",
					"@executable_path/Frameworks",
					"@loader_path/Frameworks",
				);
				PRODUCT_BUNDLE_IDENTIFIER = sys.FirstProjTests;
				PRODUCT_NAME = "$(TARGET_NAME)";
				TARGETED_DEVICE_FAMILY = "1,2";
				TEST_HOST = "$(BUILT_PRODUCTS_DIR)/FirstProj.app/FirstProj";
			};
			name = Debug;
		};
		6C7D2D2F252C38750081F441 /* Release */ = {
			isa = XCBuildConfiguration;
			buildSettings = {
				ALWAYS_EMBED_SWIFT_STANDARD_LIBRARIES = YES;
				BUNDLE_LOADER = "$(TEST_HOST)";
				CODE_SIGN_STYLE = Automatic;
				INFOPLIST_FILE = FirstProjTests/Info.plist;
				IPHONEOS_DEPLOYMENT_TARGET = 14.0;
				LD_RUNPATH_SEARCH_PATHS = (
					"$(inherited)",
					"@executable_path/Frameworks",
					"@loader_path/Frameworks",
				);
				PRODUCT_BUNDLE_IDENTIFIER = sys.FirstProjTests;
				PRODUCT_NAME = "$(TARGET_NAME)";
				TARGETED_DEVICE_FAMILY = "1,2";
				TEST_HOST = "$(BUILT_PRODUCTS_DIR)/FirstProj.app/FirstProj";
			};
			name = Release;
		};
		6C7D2D31252C38750081F441 /* Debug */ = {
			isa = XCBuildConfiguration;
			buildSettings = {
				ALWAYS_EMBED_SWIFT_STANDARD_LIBRARIES = YES;
				CODE_SIGN_STYLE = Automatic;
				INFOPLIST_FILE = FirstProjUITests/Info.plist;
				LD_RUNPATH_SEARCH_PATHS = (
					"$(inherited)",
					"@executable_path/Frameworks",
					"@loader_path/Frameworks",
				);
				PRODUCT_BUNDLE_IDENTIFIER = sys.FirstProjUITests;
				PRODUCT_NAME = "$(TARGET_NAME)";
				TARGETED_DEVICE_FAMILY = "1,2";
				TEST_TARGET_NAME = FirstProj;
			};
			name = Debug;
		};
		6C7D2D32252C38750081F441 /* Release */ = {
			isa = XCBuildConfiguration;
			buildSettings = {
				ALWAYS_EMBED_SWIFT_STANDARD_LIBRARIES = YES;
				CODE_SIGN_STYLE = Automatic;
				INFOPLIST_FILE = FirstProjUITests/Info.plist;
				LD_RUNPATH_SEARCH_PATHS = (
					"$(inherited)",
					"@executable_path/Frameworks",
					"@loader_path/Frameworks",
				);
				PRODUCT_BUNDLE_IDENTIFIER = sys.FirstProjUITests;
				PRODUCT_NAME = "$(TARGET_NAME)";
				TARGETED_DEVICE_FAMILY = "1,2";
				TEST_TARGET_NAME = FirstProj;
			};
			name = Release;
		};
/* End XCBuildConfiguration section */

/* Begin XCConfigurationList section */
		6C7D2CF3252C38700081F441 /* Build configuration list for PBXProject "FirstProj" */ = {
			isa = XCConfigurationList;
			buildConfigurations = (
				6C7D2D28252C38750081F441 /* Debug */,
				6C7D2D29252C38750081F441 /* Release */,
			);
			defaultConfigurationIsVisible = 0;
			defaultConfigurationName = Debug;
		};
		6C7D2D2A252C38750081F441 /* Build configuration list for PBXNativeTarget "FirstProj" */ = {
			isa = XCConfigurationList;
			buildConfigurations = (
				6C7D2D2B252C38750081F441 /* Debug */,
				6C7D2D2C252C38750081F441 /* Release */,
			);
			defaultConfigurationIsVisible = 0;
			defaultConfigurationName = Debug;
		};
		6C7D2D2D252C38750081F441 /* Build configuration list for PBXNativeTarget "FirstProjTests" */ = {
			isa = XCConfigurationList;
			buildConfigurations = (
				6C7D2D2E252C38750081F441 /* Debug */,
				6C7D2D2F252C38750081F441 /* Release */,
			);
			defaultConfigurationIsVisible = 0;
			defaultConfigurationName = Debug;
		};
		6C7D2D30252C38750081F441 /* Build configuration list for PBXNativeTarget "FirstProjUITests" */ = {
			isa = XCConfigurationList;
			buildConfigurations = (
				6C7D2D31252C38750081F441 /* Debug */,
				6C7D2D32252C38750081F441 /* Release */,
			);
			defaultConfigurationIsVisible = 0;
			defaultConfigurationName = Debug;
		};
/* End XCConfigurationList section */

/* Begin XCVersionGroup section */
		6C7D2D07252C38700081F441 /* FirstProj.xcdatamodeld */ = {
			isa = XCVersionGroup;
			children = (
				6C7D2D08252C38700081F441 /* FirstProj.xcdatamodel */,
			);
			currentVersion = 6C7D2D08252C38700081F441 /* FirstProj.xcdatamodel */;
			path = FirstProj.xcdatamodeld;
			sourceTree = "<group>";
			versionGroupType = wrapper.xcdatamodel;
		};
/* End XCVersionGroup section */
	};
	rootObject = 6C7D2CF0252C38700081F441 /* Project object */;
}
